
Microsoft Visual Studio Solution File, Format Version 12.00
# Visual Studio 15
VisualStudioVersion = 15.0.27130.2036
MinimumVisualStudioVersion = 10.0.40219.1
Project("{8BC9CEB8-8B4A-11D0-8D11-00A0C91BC942}") = "source", "source\source.vcxproj", "{1E586E15-A56C-4683-845D-3A5510A9AE1E}"
EndProject
Project("{8BC9CEB8-8B4A-11D0-8D11-00A0C91BC942}") = "tests", "tests\tests.vcxproj", "{29BB3FDA-78FF-44F2-8FA3-6E62CE0F9E5D}"
	ProjectSection(ProjectDependencies) = postProject
		{1E586E15-A56C-4683-845D-3A5510A9AE1E} = {1E586E15-A56C-4683-845D-3A5510A9AE1E}
	EndProjectSection
EndProject
Global
	GlobalSection(SolutionConfigurationPlatforms) = preSolution
		Debug|x64 = Debug|x64
		Debug|x86 = Debug|x86
		Release|x64 = Release|x64
		Release|x86 = Release|x86
	EndGlobalSection
	GlobalSection(ProjectConfigurationPlatforms) = postSolution
		{1E586E15-A56C-4683-845D-3A5510A9AE1E}.Debug|x64.ActiveCfg = Debug|x64
		{1E586E15-A56C-4683-845D-3A5510A9AE1E}.Debug|x64.Build.0 = Debug|x64
		{1E586E15-A56C-4683-845D-3A5510A9AE1E}.Debug|x86.ActiveCfg = Debug|Win32
		{1E586E15-A56C-4683-845D-3A5510A9AE1E}.Debug|x86.Build.0 = Debug|Win32
		{1E586E15-A56C-4683-845D-3A5510A9AE1E}.Release|x64.ActiveCfg = Release|x64
		{1E586E15-A56C-4683-845D-3A5510A9AE1E}.Release|x64.Build.0 = Release|x64
		{1E586E15-A56C-4683-845D-3A5510A9AE1E}.Release|x86.ActiveCfg = Release|Win32
		{1E586E15-A56C-4683-845D-3A5510A9AE1E}.Release|x86.Build.0 = Release|Win32
		{29BB3FDA-78FF-44F2-8FA3-6E62CE0F9E5D}.Debug|x64.ActiveCfg = Debug|x64
		{29BB3FDA-78FF-44F2-8FA3-6E62CE0F9E5D}.Debug|x64.Build.0 = Debug|x64
		{29BB3FDA-78FF-44F2-8FA3-6E62CE0F9E5D}.Debug|x86.ActiveCfg = Debug|Win32
		{29BB3FDA-78FF-44F2-8FA3-6E62CE0F9E5D}.Debug|x86.Build.0 = Debug|Win32
		{29BB3FDA-78FF-44F2-8FA3-6E62CE0F9E5D}.Release|x64.ActiveCfg = Release|x64
		{29BB3FDA-78FF-44F2-8FA3-6E62CE0F9E5D}.Release|x64.Build.0 = Release|x64
		{29BB3FDA-78FF-44F2-8FA3-6E62CE0F9E5D}.Release|x86.ActiveCfg = Release|Win32
		{29BB3FDA-78FF-44F2-8FA3-6E62CE0F9E5D}.Release|x86.Build.0 = Release|Win32
	EndGlobalSection
	GlobalSection(SolutionProperties) = preSolution
		HideSolutionNode = FALSE
	EndGlobalSection
	GlobalSection(ExtensibilityGlobals) = postSolution
		SolutionGuid = {0D187D21-D4EA-4E30-8CB9-6891D4621CF0}
	EndGlobalSection
EndGlobal
